
Microsoft Visual Studio Solution File, Format Version 12.00
# Visual Studio 15
VisualStudioVersion = 15.0.28307.1525
MinimumVisualStudioVersion = 10.0.40219.1
Project("{FAE04EC0-301F-11D3-BF4B-00C04F79EFBC}") = "EmpManagementApplication", "EmpManagementApplication\EmpManagementApplication.csproj", "{8B13839E-0831-4371-80B9-48A63CB9B061}"
EndProject
Project("{FAE04EC0-301F-11D3-BF4B-00C04F79EFBC}") = "EmpMgmtData", "EmpMgmtData\EmpMgmtData.csproj", "{C877237B-9D31-4AC8-B769-4D6C56F4877F}"
	ProjectSection(ProjectDependencies) = postProject
		{44BF08F4-2475-4D32-855F-F431FDFA5214} = {44BF08F4-2475-4D32-855F-F431FDFA5214}
	EndProjectSection
EndProject
Project("{FAE04EC0-301F-11D3-BF4B-00C04F79EFBC}") = "EmployeeWebApi", "EmployeeWebApi\EmployeeWebApi.csproj", "{6531886E-89BD-47E8-BA31-FB74E61F245C}"
EndProject
Project("{FAE04EC0-301F-11D3-BF4B-00C04F79EFBC}") = "DomainModel", "DomainModel\DomainModel.csproj", "{44BF08F4-2475-4D32-855F-F431FDFA5214}"
EndProject
Project("{FAE04EC0-301F-11D3-BF4B-00C04F79EFBC}") = "EmployeeServiceLayer", "EmployeeServiceLayer\EmployeeServiceLayer.csproj", "{001561D0-A907-4DF3-BB4A-CD60167CF128}"
EndProject
Global
	GlobalSection(SolutionConfigurationPlatforms) = preSolution
		Debug|Any CPU = Debug|Any CPU
		Release|Any CPU = Release|Any CPU
	EndGlobalSection
	GlobalSection(ProjectConfigurationPlatforms) = postSolution
		{8B13839E-0831-4371-80B9-48A63CB9B061}.Debug|Any CPU.ActiveCfg = Debug|Any CPU
		{8B13839E-0831-4371-80B9-48A63CB9B061}.Debug|Any CPU.Build.0 = Debug|Any CPU
		{8B13839E-0831-4371-80B9-48A63CB9B061}.Release|Any CPU.ActiveCfg = Release|Any CPU
		{8B13839E-0831-4371-80B9-48A63CB9B061}.Release|Any CPU.Build.0 = Release|Any CPU
		{C877237B-9D31-4AC8-B769-4D6C56F4877F}.Debug|Any CPU.ActiveCfg = Debug|Any CPU
		{C877237B-9D31-4AC8-B769-4D6C56F4877F}.Debug|Any CPU.Build.0 = Debug|Any CPU
		{C877237B-9D31-4AC8-B769-4D6C56F4877F}.Release|Any CPU.ActiveCfg = Release|Any CPU
		{C877237B-9D31-4AC8-B769-4D6C56F4877F}.Release|Any CPU.Build.0 = Release|Any CPU
		{6531886E-89BD-47E8-BA31-FB74E61F245C}.Debug|Any CPU.ActiveCfg = Debug|Any CPU
		{6531886E-89BD-47E8-BA31-FB74E61F245C}.Debug|Any CPU.Build.0 = Debug|Any CPU
		{6531886E-89BD-47E8-BA31-FB74E61F245C}.Release|Any CPU.ActiveCfg = Release|Any CPU
		{6531886E-89BD-47E8-BA31-FB74E61F245C}.Release|Any CPU.Build.0 = Release|Any CPU
		{44BF08F4-2475-4D32-855F-F431FDFA5214}.Debug|Any CPU.ActiveCfg = Debug|Any CPU
		{44BF08F4-2475-4D32-855F-F431FDFA5214}.Debug|Any CPU.Build.0 = Debug|Any CPU
		{44BF08F4-2475-4D32-855F-F431FDFA5214}.Release|Any CPU.ActiveCfg = Release|Any CPU
		{44BF08F4-2475-4D32-855F-F431FDFA5214}.Release|Any CPU.Build.0 = Release|Any CPU
		{001561D0-A907-4DF3-BB4A-CD60167CF128}.Debug|Any CPU.ActiveCfg = Debug|Any CPU
		{001561D0-A907-4DF3-BB4A-CD60167CF128}.Debug|Any CPU.Build.0 = Debug|Any CPU
		{001561D0-A907-4DF3-BB4A-CD60167CF128}.Release|Any CPU.ActiveCfg = Release|Any CPU
		{001561D0-A907-4DF3-BB4A-CD60167CF128}.Release|Any CPU.Build.0 = Release|Any CPU
	EndGlobalSection
	GlobalSection(SolutionProperties) = preSolution
		HideSolutionNode = FALSE
	EndGlobalSection
	GlobalSection(ExtensibilityGlobals) = postSolution
		SolutionGuid = {D12DBC1C-0246-401D-BAF7-867693ED990F}
	EndGlobalSection
EndGlobal
